
Microsoft Visual Studio Solution File, Format Version 12.00
# Visual Studio Version 17
VisualStudioVersion = 17.9.34622.214
MinimumVisualStudioVersion = 10.0.40219.1
Project("{FAE04EC0-301F-11D3-BF4B-00C04F79EFBC}") = "PracticaU2OfertaAcademica", "PracticaU2OfertaAcademica\PracticaU2OfertaAcademica.csproj", "{C29596DA-0369-4C9B-8AE1-71A4A656DBFC}"
EndProject
Global
	GlobalSection(SolutionConfigurationPlatforms) = preSolution
		Debug|Any CPU = Debug|Any CPU
		Release|Any CPU = Release|Any CPU
	EndGlobalSection
	GlobalSection(ProjectConfigurationPlatforms) = postSolution
		{C29596DA-0369-4C9B-8AE1-71A4A656DBFC}.Debug|Any CPU.ActiveCfg = Debug|Any CPU
		{C29596DA-0369-4C9B-8AE1-71A4A656DBFC}.Debug|Any CPU.Build.0 = Debug|Any CPU
		{C29596DA-0369-4C9B-8AE1-71A4A656DBFC}.Release|Any CPU.ActiveCfg = Release|Any CPU
		{C29596DA-0369-4C9B-8AE1-71A4A656DBFC}.Release|Any CPU.Build.0 = Release|Any CPU
	EndGlobalSection
	GlobalSection(SolutionProperties) = preSolution
		HideSolutionNode = FALSE
	EndGlobalSection
	GlobalSection(ExtensibilityGlobals) = postSolution
		SolutionGuid = {64A38388-6510-4970-B4EB-535A92744D11}
	EndGlobalSection
EndGlobal
